// !$*UTF8*$!
{
	archiveVersion = 1;
	classes = {
	};
	objectVersion = 46;
	objects = {

/* Begin PBXBuildFile section */
		A81F9F08297664DD44657F6C /* Pods_fitness_app.framework in Frameworks */ = {isa = PBXBuildFile; fileRef = 7A9CE605E8910F87DF2FDDF6 /* Pods_fitness_app.framework */; };
		BC4CC5281EEF270D00F2594D /* AppDelegate.swift in Sources */ = {isa = PBXBuildFile; fileRef = BC4CC5271EEF270D00F2594D /* AppDelegate.swift */; };
		BC4CC52A1EEF270D00F2594D /* LoginViewController.swift in Sources */ = {isa = PBXBuildFile; fileRef = BC4CC5291EEF270D00F2594D /* LoginViewController.swift */; };
		BC4CC52D1EEF270D00F2594D /* Main.storyboard in Resources */ = {isa = PBXBuildFile; fileRef = BC4CC52B1EEF270D00F2594D /* Main.storyboard */; };
		BC4CC52F1EEF270D00F2594D /* Assets.xcassets in Resources */ = {isa = PBXBuildFile; fileRef = BC4CC52E1EEF270D00F2594D /* Assets.xcassets */; };
		BC4CC5321EEF270D00F2594D /* LaunchScreen.storyboard in Resources */ = {isa = PBXBuildFile; fileRef = BC4CC5301EEF270D00F2594D /* LaunchScreen.storyboard */; };
		BC4CC53A1EEF30C400F2594D /* LeagueViewController.swift in Sources */ = {isa = PBXBuildFile; fileRef = BC4CC5391EEF30C400F2594D /* LeagueViewController.swift */; };
		BC4CC5421EEFE07000F2594D /* TrackingViewController.swift in Sources */ = {isa = PBXBuildFile; fileRef = BC4CC5411EEFE07000F2594D /* TrackingViewController.swift */; };
		BC4CC5441EEFE82800F2594D /* GoogleService-Info.plist in Resources */ = {isa = PBXBuildFile; fileRef = BC4CC5431EEFE82800F2594D /* GoogleService-Info.plist */; };
		BC4CC5461EEFEB2F00F2594D /* League.swift in Sources */ = {isa = PBXBuildFile; fileRef = BC4CC5451EEFEB2F00F2594D /* League.swift */; };
		BC4CC5481EEFEB6600F2594D /* Challenge.swift in Sources */ = {isa = PBXBuildFile; fileRef = BC4CC5471EEFEB6600F2594D /* Challenge.swift */; };
		BC4CC54A1EEFEB6F00F2594D /* Bet.swift in Sources */ = {isa = PBXBuildFile; fileRef = BC4CC5491EEFEB6F00F2594D /* Bet.swift */; };
		BC4CC5521EEFECA600F2594D /* Member.swift in Sources */ = {isa = PBXBuildFile; fileRef = BC4CC5511EEFECA500F2594D /* Member.swift */; };
		BC4CC5761EF02DC000F2594D /* ProfileTableViewController.swift in Sources */ = {isa = PBXBuildFile; fileRef = BC4CC5751EF02DC000F2594D /* ProfileTableViewController.swift */; };
		BC4CC5781EF136E100F2594D /* Run.swift in Sources */ = {isa = PBXBuildFile; fileRef = BC4CC5771EF136E100F2594D /* Run.swift */; };
		BC4CC57A1EF1395800F2594D /* RunInfoViewController.swift in Sources */ = {isa = PBXBuildFile; fileRef = BC4CC5791EF1395800F2594D /* RunInfoViewController.swift */; };
		BC4CC5821EF18AFC00F2594D /* CreateOrJoinViewController.swift in Sources */ = {isa = PBXBuildFile; fileRef = BC4CC5811EF18AFC00F2594D /* CreateOrJoinViewController.swift */; };
		BCB4A2411EF1C74F008E19DD /* CreateViewController.swift in Sources */ = {isa = PBXBuildFile; fileRef = BCB4A2401EF1C74F008E19DD /* CreateViewController.swift */; };
		BCB4A2431EF1C763008E19DD /* JoinViewController.swift in Sources */ = {isa = PBXBuildFile; fileRef = BCB4A2421EF1C763008E19DD /* JoinViewController.swift */; };
		BCB4A2491EF1D2CC008E19DD /* SignupViewController.swift in Sources */ = {isa = PBXBuildFile; fileRef = BCB4A2481EF1D2CC008E19DD /* SignupViewController.swift */; };
		BCB4A24C1EF1DED0008E19DD /* AddMembersViewController.swift in Sources */ = {isa = PBXBuildFile; fileRef = BCB4A24B1EF1DED0008E19DD /* AddMembersViewController.swift */; };
		BCB4A24E1EF2CDDE008E19DD /* UserProfile.swift in Sources */ = {isa = PBXBuildFile; fileRef = BCB4A24D1EF2CDDE008E19DD /* UserProfile.swift */; };
/* End PBXBuildFile section */

/* Begin PBXFileReference section */
		35E5EF35CEDEBD2CACFB63C9 /* Pods-fitness-app.debug.xcconfig */ = {isa = PBXFileReference; includeInIndex = 1; lastKnownFileType = text.xcconfig; name = "Pods-fitness-app.debug.xcconfig"; path = "Pods/Target Support Files/Pods-fitness-app/Pods-fitness-app.debug.xcconfig"; sourceTree = "<group>"; };
		7A9CE605E8910F87DF2FDDF6 /* Pods_fitness_app.framework */ = {isa = PBXFileReference; explicitFileType = wrapper.framework; includeInIndex = 0; path = Pods_fitness_app.framework; sourceTree = BUILT_PRODUCTS_DIR; };
		BC4CC5241EEF270D00F2594D /* fitness-app.app */ = {isa = PBXFileReference; explicitFileType = wrapper.application; includeInIndex = 0; path = "fitness-app.app"; sourceTree = BUILT_PRODUCTS_DIR; };
		BC4CC5271EEF270D00F2594D /* AppDelegate.swift */ = {isa = PBXFileReference; lastKnownFileType = sourcecode.swift; path = AppDelegate.swift; sourceTree = "<group>"; };
		BC4CC5291EEF270D00F2594D /* LoginViewController.swift */ = {isa = PBXFileReference; lastKnownFileType = sourcecode.swift; path = LoginViewController.swift; sourceTree = "<group>"; };
		BC4CC52C1EEF270D00F2594D /* Base */ = {isa = PBXFileReference; lastKnownFileType = file.storyboard; name = Base; path = Base.lproj/Main.storyboard; sourceTree = "<group>"; };
		BC4CC52E1EEF270D00F2594D /* Assets.xcassets */ = {isa = PBXFileReference; lastKnownFileType = folder.assetcatalog; path = Assets.xcassets; sourceTree = "<group>"; };
		BC4CC5311EEF270D00F2594D /* Base */ = {isa = PBXFileReference; lastKnownFileType = file.storyboard; name = Base; path = Base.lproj/LaunchScreen.storyboard; sourceTree = "<group>"; };
		BC4CC5331EEF270D00F2594D /* Info.plist */ = {isa = PBXFileReference; lastKnownFileType = text.plist.xml; path = Info.plist; sourceTree = "<group>"; };
		BC4CC5391EEF30C400F2594D /* LeagueViewController.swift */ = {isa = PBXFileReference; fileEncoding = 4; lastKnownFileType = sourcecode.swift; path = LeagueViewController.swift; sourceTree = "<group>"; };
		BC4CC5411EEFE07000F2594D /* TrackingViewController.swift */ = {isa = PBXFileReference; fileEncoding = 4; lastKnownFileType = sourcecode.swift; path = TrackingViewController.swift; sourceTree = "<group>"; };
		BC4CC5431EEFE82800F2594D /* GoogleService-Info.plist */ = {isa = PBXFileReference; fileEncoding = 4; lastKnownFileType = text.plist.xml; path = "GoogleService-Info.plist"; sourceTree = "<group>"; };
		BC4CC5451EEFEB2F00F2594D /* League.swift */ = {isa = PBXFileReference; fileEncoding = 4; lastKnownFileType = sourcecode.swift; path = League.swift; sourceTree = "<group>"; };
		BC4CC5471EEFEB6600F2594D /* Challenge.swift */ = {isa = PBXFileReference; fileEncoding = 4; lastKnownFileType = sourcecode.swift; path = Challenge.swift; sourceTree = "<group>"; };
		BC4CC5491EEFEB6F00F2594D /* Bet.swift */ = {isa = PBXFileReference; fileEncoding = 4; lastKnownFileType = sourcecode.swift; path = Bet.swift; sourceTree = "<group>"; };
		BC4CC5511EEFECA500F2594D /* Member.swift */ = {isa = PBXFileReference; fileEncoding = 4; lastKnownFileType = sourcecode.swift; path = Member.swift; sourceTree = "<group>"; };
		BC4CC5751EF02DC000F2594D /* ProfileTableViewController.swift */ = {isa = PBXFileReference; fileEncoding = 4; lastKnownFileType = sourcecode.swift; path = ProfileTableViewController.swift; sourceTree = "<group>"; };
		BC4CC5771EF136E100F2594D /* Run.swift */ = {isa = PBXFileReference; fileEncoding = 4; lastKnownFileType = sourcecode.swift; path = Run.swift; sourceTree = "<group>"; };
		BC4CC5791EF1395800F2594D /* RunInfoViewController.swift */ = {isa = PBXFileReference; fileEncoding = 4; lastKnownFileType = sourcecode.swift; path = RunInfoViewController.swift; sourceTree = "<group>"; };
		BC4CC5811EF18AFC00F2594D /* CreateOrJoinViewController.swift */ = {isa = PBXFileReference; fileEncoding = 4; lastKnownFileType = sourcecode.swift; path = CreateOrJoinViewController.swift; sourceTree = "<group>"; };
		BCB4A2401EF1C74F008E19DD /* CreateViewController.swift */ = {isa = PBXFileReference; fileEncoding = 4; lastKnownFileType = sourcecode.swift; path = CreateViewController.swift; sourceTree = "<group>"; };
		BCB4A2421EF1C763008E19DD /* JoinViewController.swift */ = {isa = PBXFileReference; fileEncoding = 4; lastKnownFileType = sourcecode.swift; path = JoinViewController.swift; sourceTree = "<group>"; };
		BCB4A2471EF1CCDA008E19DD /* fitness-app.entitlements */ = {isa = PBXFileReference; lastKnownFileType = text.plist.entitlements; path = "fitness-app.entitlements"; sourceTree = "<group>"; };
		BCB4A2481EF1D2CC008E19DD /* SignupViewController.swift */ = {isa = PBXFileReference; fileEncoding = 4; lastKnownFileType = sourcecode.swift; path = SignupViewController.swift; sourceTree = "<group>"; };
		BCB4A24B1EF1DED0008E19DD /* AddMembersViewController.swift */ = {isa = PBXFileReference; fileEncoding = 4; lastKnownFileType = sourcecode.swift; path = AddMembersViewController.swift; sourceTree = "<group>"; };
		BCB4A24D1EF2CDDE008E19DD /* UserProfile.swift */ = {isa = PBXFileReference; fileEncoding = 4; lastKnownFileType = sourcecode.swift; path = UserProfile.swift; sourceTree = "<group>"; };
		BD65924C5B22BB751B29E9DD /* Pods-fitness-app.release.xcconfig */ = {isa = PBXFileReference; includeInIndex = 1; lastKnownFileType = text.xcconfig; name = "Pods-fitness-app.release.xcconfig"; path = "Pods/Target Support Files/Pods-fitness-app/Pods-fitness-app.release.xcconfig"; sourceTree = "<group>"; };
/* End PBXFileReference section */

/* Begin PBXFrameworksBuildPhase section */
		BC4CC5211EEF270D00F2594D /* Frameworks */ = {
			isa = PBXFrameworksBuildPhase;
			buildActionMask = 2147483647;
			files = (
				A81F9F08297664DD44657F6C /* Pods_fitness_app.framework in Frameworks */,
			);
			runOnlyForDeploymentPostprocessing = 0;
		};
/* End PBXFrameworksBuildPhase section */

/* Begin PBXGroup section */
		0BD18A1CB6045B0DB8B4E6C4 /* Pods */ = {
			isa = PBXGroup;
			children = (
				35E5EF35CEDEBD2CACFB63C9 /* Pods-fitness-app.debug.xcconfig */,
				BD65924C5B22BB751B29E9DD /* Pods-fitness-app.release.xcconfig */,
			);
			name = Pods;
			sourceTree = "<group>";
		};
		895A27DAE973C1DEDC50F6C5 /* Frameworks */ = {
			isa = PBXGroup;
			children = (
				7A9CE605E8910F87DF2FDDF6 /* Pods_fitness_app.framework */,
			);
			name = Frameworks;
			sourceTree = "<group>";
		};
		BC4CC51B1EEF270D00F2594D = {
			isa = PBXGroup;
			children = (
				BC4CC5261EEF270D00F2594D /* fitness-app */,
				BC4CC5251EEF270D00F2594D /* Products */,
				0BD18A1CB6045B0DB8B4E6C4 /* Pods */,
				895A27DAE973C1DEDC50F6C5 /* Frameworks */,
			);
			sourceTree = "<group>";
		};
		BC4CC5251EEF270D00F2594D /* Products */ = {
			isa = PBXGroup;
			children = (
				BC4CC5241EEF270D00F2594D /* fitness-app.app */,
			);
			name = Products;
			sourceTree = "<group>";
		};
		BC4CC5261EEF270D00F2594D /* fitness-app */ = {
			isa = PBXGroup;
			children = (
				BCB4A2471EF1CCDA008E19DD /* fitness-app.entitlements */,
				BC4CC5301EEF270D00F2594D /* LaunchScreen.storyboard */,
				BC4CC52B1EEF270D00F2594D /* Main.storyboard */,
				BC4CC5271EEF270D00F2594D /* AppDelegate.swift */,
				BCB4A24A1EF1DB77008E19DD /* User */,
				BCB4A2461EF1C7DF008E19DD /* PickLeague */,
				BC4CC7631EF19C9200F2594D /* Running */,
				BC4CC7621EF19C7D00F2594D /* League */,
				BC4CC52E1EEF270D00F2594D /* Assets.xcassets */,
				BC4CC5431EEFE82800F2594D /* GoogleService-Info.plist */,
				BC4CC5331EEF270D00F2594D /* Info.plist */,
			);
			path = "fitness-app";
			sourceTree = "<group>";
		};
		BC4CC7621EF19C7D00F2594D /* League */ = {
			isa = PBXGroup;
			children = (
				BC4CC5391EEF30C400F2594D /* LeagueViewController.swift */,
				BC4CC5451EEFEB2F00F2594D /* League.swift */,
				BC4CC5471EEFEB6600F2594D /* Challenge.swift */,
				BC4CC5491EEFEB6F00F2594D /* Bet.swift */,
			);
			name = League;
			sourceTree = "<group>";
		};
		BC4CC7631EF19C9200F2594D /* Running */ = {
			isa = PBXGroup;
			children = (
				BC4CC5791EF1395800F2594D /* RunInfoViewController.swift */,
				BC4CC5771EF136E100F2594D /* Run.swift */,
				BC4CC5411EEFE07000F2594D /* TrackingViewController.swift */,
			);
			name = Running;
			sourceTree = "<group>";
		};
		BCB4A2461EF1C7DF008E19DD /* PickLeague */ = {
			isa = PBXGroup;
			children = (
				BC4CC5811EF18AFC00F2594D /* CreateOrJoinViewController.swift */,
				BCB4A2401EF1C74F008E19DD /* CreateViewController.swift */,
				BCB4A24B1EF1DED0008E19DD /* AddMembersViewController.swift */,
				BCB4A2421EF1C763008E19DD /* JoinViewController.swift */,
			);
			name = PickLeague;
			sourceTree = "<group>";
		};
		BCB4A24A1EF1DB77008E19DD /* User */ = {
			isa = PBXGroup;
			children = (
				BC4CC5291EEF270D00F2594D /* LoginViewController.swift */,
				BCB4A2481EF1D2CC008E19DD /* SignupViewController.swift */,
				BC4CC5751EF02DC000F2594D /* ProfileTableViewController.swift */,
				BC4CC5511EEFECA500F2594D /* Member.swift */,
				BCB4A24D1EF2CDDE008E19DD /* UserProfile.swift */,
			);
			name = User;
			sourceTree = "<group>";
		};
/* End PBXGroup section */

/* Begin PBXNativeTarget section */
		BC4CC5231EEF270D00F2594D /* fitness-app */ = {
			isa = PBXNativeTarget;
			buildConfigurationList = BC4CC5361EEF270D00F2594D /* Build configuration list for PBXNativeTarget "fitness-app" */;
			buildPhases = (
				056ED9AED1125678F5DD8C93 /* [CP] Check Pods Manifest.lock */,
				BC4CC5201EEF270D00F2594D /* Sources */,
				BC4CC5211EEF270D00F2594D /* Frameworks */,
				BC4CC5221EEF270D00F2594D /* Resources */,
				253AC0D16EAF0F7F8BFBEB4E /* [CP] Embed Pods Frameworks */,
				B6FD098D2FA2EB5CD959F7C5 /* [CP] Copy Pods Resources */,
			);
			buildRules = (
			);
			dependencies = (
			);
			name = "fitness-app";
			productName = "fitness-app";
			productReference = BC4CC5241EEF270D00F2594D /* fitness-app.app */;
			productType = "com.apple.product-type.application";
		};
/* End PBXNativeTarget section */

/* Begin PBXProject section */
		BC4CC51C1EEF270D00F2594D /* Project object */ = {
			isa = PBXProject;
			attributes = {
				LastSwiftUpdateCheck = 0830;
				LastUpgradeCheck = 0830;
				ORGANIZATIONNAME = "Dubs Dev";
				TargetAttributes = {
					BC4CC5231EEF270D00F2594D = {
						CreatedOnToolsVersion = 8.3.2;
						DevelopmentTeam = 74N7J3GY24;
						ProvisioningStyle = Automatic;
						SystemCapabilities = {
							com.apple.BackgroundModes = {
								enabled = 1;
							};
							com.apple.Keychain = {
								enabled = 1;
							};
						};
					};
				};
			};
			buildConfigurationList = BC4CC51F1EEF270D00F2594D /* Build configuration list for PBXProject "fitness-app" */;
			compatibilityVersion = "Xcode 3.2";
			developmentRegion = English;
			hasScannedForEncodings = 0;
			knownRegions = (
				en,
				Base,
			);
			mainGroup = BC4CC51B1EEF270D00F2594D;
			productRefGroup = BC4CC5251EEF270D00F2594D /* Products */;
			projectDirPath = "";
			projectRoot = "";
			targets = (
				BC4CC5231EEF270D00F2594D /* fitness-app */,
			);
		};
/* End PBXProject section */

/* Begin PBXResourcesBuildPhase section */
		BC4CC5221EEF270D00F2594D /* Resources */ = {
			isa = PBXResourcesBuildPhase;
			buildActionMask = 2147483647;
			files = (
				BC4CC5321EEF270D00F2594D /* LaunchScreen.storyboard in Resources */,
				BC4CC5441EEFE82800F2594D /* GoogleService-Info.plist in Resources */,
				BC4CC52F1EEF270D00F2594D /* Assets.xcassets in Resources */,
				BC4CC52D1EEF270D00F2594D /* Main.storyboard in Resources */,
			);
			runOnlyForDeploymentPostprocessing = 0;
		};
/* End PBXResourcesBuildPhase section */

/* Begin PBXShellScriptBuildPhase section */
		056ED9AED1125678F5DD8C93 /* [CP] Check Pods Manifest.lock */ = {
			isa = PBXShellScriptBuildPhase;
			buildActionMask = 2147483647;
			files = (
			);
			inputPaths = (
			);
			name = "[CP] Check Pods Manifest.lock";
			outputPaths = (
			);
			runOnlyForDeploymentPostprocessing = 0;
			shellPath = /bin/sh;
			shellScript = "diff \"${PODS_PODFILE_DIR_PATH}/Podfile.lock\" \"${PODS_ROOT}/Manifest.lock\" > /dev/null\nif [ $? != 0 ] ; then\n    # print error to STDERR\n    echo \"error: The sandbox is not in sync with the Podfile.lock. Run 'pod install' or update your CocoaPods installation.\" >&2\n    exit 1\nfi\n";
			showEnvVarsInLog = 0;
		};
		253AC0D16EAF0F7F8BFBEB4E /* [CP] Embed Pods Frameworks */ = {
			isa = PBXShellScriptBuildPhase;
			buildActionMask = 2147483647;
			files = (
			);
			inputPaths = (
			);
			name = "[CP] Embed Pods Frameworks";
			outputPaths = (
			);
			runOnlyForDeploymentPostprocessing = 0;
			shellPath = /bin/sh;
			shellScript = "\"${SRCROOT}/Pods/Target Support Files/Pods-fitness-app/Pods-fitness-app-frameworks.sh\"\n";
			showEnvVarsInLog = 0;
		};
		B6FD098D2FA2EB5CD959F7C5 /* [CP] Copy Pods Resources */ = {
			isa = PBXShellScriptBuildPhase;
			buildActionMask = 2147483647;
			files = (
			);
			inputPaths = (
			);
			name = "[CP] Copy Pods Resources";
			outputPaths = (
			);
			runOnlyForDeploymentPostprocessing = 0;
			shellPath = /bin/sh;
			shellScript = "\"${SRCROOT}/Pods/Target Support Files/Pods-fitness-app/Pods-fitness-app-resources.sh\"\n";
			showEnvVarsInLog = 0;
		};
/* End PBXShellScriptBuildPhase section */

/* Begin PBXSourcesBuildPhase section */
		BC4CC5201EEF270D00F2594D /* Sources */ = {
			isa = PBXSourcesBuildPhase;
			buildActionMask = 2147483647;
			files = (
				BC4CC5761EF02DC000F2594D /* ProfileTableViewController.swift in Sources */,
				BC4CC5481EEFEB6600F2594D /* Challenge.swift in Sources */,
				BC4CC5821EF18AFC00F2594D /* CreateOrJoinViewController.swift in Sources */,
				BC4CC5421EEFE07000F2594D /* TrackingViewController.swift in Sources */,
				BC4CC5781EF136E100F2594D /* Run.swift in Sources */,
				BC4CC52A1EEF270D00F2594D /* LoginViewController.swift in Sources */,
				BCB4A2431EF1C763008E19DD /* JoinViewController.swift in Sources */,
				BC4CC57A1EF1395800F2594D /* RunInfoViewController.swift in Sources */,
				BC4CC53A1EEF30C400F2594D /* LeagueViewController.swift in Sources */,
				BC4CC5521EEFECA600F2594D /* Member.swift in Sources */,
				BCB4A2411EF1C74F008E19DD /* CreateViewController.swift in Sources */,
				BC4CC5461EEFEB2F00F2594D /* League.swift in Sources */,
				BCB4A24C1EF1DED0008E19DD /* AddMembersViewController.swift in Sources */,
				BCB4A2491EF1D2CC008E19DD /* SignupViewController.swift in Sources */,
				BC4CC5281EEF270D00F2594D /* AppDelegate.swift in Sources */,
				BC4CC54A1EEFEB6F00F2594D /* Bet.swift in Sources */,
				BCB4A24E1EF2CDDE008E19DD /* UserProfile.swift in Sources */,
			);
			runOnlyForDeploymentPostprocessing = 0;
		};
/* End PBXSourcesBuildPhase section */

/* Begin PBXVariantGroup section */
		BC4CC52B1EEF270D00F2594D /* Main.storyboard */ = {
			isa = PBXVariantGroup;
			children = (
				BC4CC52C1EEF270D00F2594D /* Base */,
			);
			name = Main.storyboard;
			sourceTree = "<group>";
		};
		BC4CC5301EEF270D00F2594D /* LaunchScreen.storyboard */ = {
			isa = PBXVariantGroup;
			children = (
				BC4CC5311EEF270D00F2594D /* Base */,
			);
			name = LaunchScreen.storyboard;
			sourceTree = "<group>";
		};
/* End PBXVariantGroup section */

/* Begin XCBuildConfiguration section */
		BC4CC5341EEF270D00F2594D /* Debug */ = {
			isa = XCBuildConfiguration;
			buildSettings = {
				ALWAYS_SEARCH_USER_PATHS = NO;
				CLANG_ANALYZER_NONNULL = YES;
				CLANG_ANALYZER_NUMBER_OBJECT_CONVERSION = YES_AGGRESSIVE;
				CLANG_CXX_LANGUAGE_STANDARD = "gnu++0x";
				CLANG_CXX_LIBRARY = "libc++";
				CLANG_ENABLE_MODULES = YES;
				CLANG_ENABLE_OBJC_ARC = YES;
				CLANG_WARN_BOOL_CONVERSION = YES;
				CLANG_WARN_CONSTANT_CONVERSION = YES;
				CLANG_WARN_DIRECT_OBJC_ISA_USAGE = YES_ERROR;
				CLANG_WARN_DOCUMENTATION_COMMENTS = YES;
				CLANG_WARN_EMPTY_BODY = YES;
				CLANG_WARN_ENUM_CONVERSION = YES;
				CLANG_WARN_INFINITE_RECURSION = YES;
				CLANG_WARN_INT_CONVERSION = YES;
				CLANG_WARN_OBJC_ROOT_CLASS = YES_ERROR;
				CLANG_WARN_SUSPICIOUS_MOVE = YES;
				CLANG_WARN_UNREACHABLE_CODE = YES;
				CLANG_WARN__DUPLICATE_METHOD_MATCH = YES;
				"CODE_SIGN_IDENTITY[sdk=iphoneos*]" = "iPhone Developer";
				COPY_PHASE_STRIP = NO;
				DEBUG_INFORMATION_FORMAT = dwarf;
				ENABLE_STRICT_OBJC_MSGSEND = YES;
				ENABLE_TESTABILITY = YES;
				GCC_C_LANGUAGE_STANDARD = gnu99;
				GCC_DYNAMIC_NO_PIC = NO;
				GCC_NO_COMMON_BLOCKS = YES;
				GCC_OPTIMIZATION_LEVEL = 0;
				GCC_PREPROCESSOR_DEFINITIONS = (
					"DEBUG=1",
					"$(inherited)",
				);
				GCC_WARN_64_TO_32_BIT_CONVERSION = YES;
				GCC_WARN_ABOUT_RETURN_TYPE = YES_ERROR;
				GCC_WARN_UNDECLARED_SELECTOR = YES;
				GCC_WARN_UNINITIALIZED_AUTOS = YES_AGGRESSIVE;
				GCC_WARN_UNUSED_FUNCTION = YES;
				GCC_WARN_UNUSED_VARIABLE = YES;
				IPHONEOS_DEPLOYMENT_TARGET = 10.3;
				MTL_ENABLE_DEBUG_INFO = YES;
				ONLY_ACTIVE_ARCH = YES;
				SDKROOT = iphoneos;
				SWIFT_ACTIVE_COMPILATION_CONDITIONS = DEBUG;
				SWIFT_OPTIMIZATION_LEVEL = "-Onone";
				TARGETED_DEVICE_FAMILY = "1,2";
			};
			name = Debug;
		};
		BC4CC5351EEF270D00F2594D /* Release */ = {
			isa = XCBuildConfiguration;
			buildSettings = {
				ALWAYS_SEARCH_USER_PATHS = NO;
				CLANG_ANALYZER_NONNULL = YES;
				CLANG_ANALYZER_NUMBER_OBJECT_CONVERSION = YES_AGGRESSIVE;
				CLANG_CXX_LANGUAGE_STANDARD = "gnu++0x";
				CLANG_CXX_LIBRARY = "libc++";
				CLANG_ENABLE_MODULES = YES;
				CLANG_ENABLE_OBJC_ARC = YES;
				CLANG_WARN_BOOL_CONVERSION = YES;
				CLANG_WARN_CONSTANT_CONVERSION = YES;
				CLANG_WARN_DIRECT_OBJC_ISA_USAGE = YES_ERROR;
				CLANG_WARN_DOCUMENTATION_COMMENTS = YES;
				CLANG_WARN_EMPTY_BODY = YES;
				CLANG_WARN_ENUM_CONVERSION = YES;
				CLANG_WARN_INFINITE_RECURSION = YES;
				CLANG_WARN_INT_CONVERSION = YES;
				CLANG_WARN_OBJC_ROOT_CLASS = YES_ERROR;
				CLANG_WARN_SUSPICIOUS_MOVE = YES;
				CLANG_WARN_UNREACHABLE_CODE = YES;
				CLANG_WARN__DUPLICATE_METHOD_MATCH = YES;
				"CODE_SIGN_IDENTITY[sdk=iphoneos*]" = "iPhone Developer";
				COPY_PHASE_STRIP = NO;
				DEBUG_INFORMATION_FORMAT = "dwarf-with-dsym";
				ENABLE_NS_ASSERTIONS = NO;
				ENABLE_STRICT_OBJC_MSGSEND = YES;
				GCC_C_LANGUAGE_STANDARD = gnu99;
				GCC_NO_COMMON_BLOCKS = YES;
				GCC_WARN_64_TO_32_BIT_CONVERSION = YES;
				GCC_WARN_ABOUT_RETURN_TYPE = YES_ERROR;
				GCC_WARN_UNDECLARED_SELECTOR = YES;
				GCC_WARN_UNINITIALIZED_AUTOS = YES_AGGRESSIVE;
				GCC_WARN_UNUSED_FUNCTION = YES;
				GCC_WARN_UNUSED_VARIABLE = YES;
				IPHONEOS_DEPLOYMENT_TARGET = 10.3;
				MTL_ENABLE_DEBUG_INFO = NO;
				SDKROOT = iphoneos;
				SWIFT_OPTIMIZATION_LEVEL = "-Owholemodule";
				TARGETED_DEVICE_FAMILY = "1,2";
				VALIDATE_PRODUCT = YES;
			};
			name = Release;
		};
		BC4CC5371EEF270D00F2594D /* Debug */ = {
			isa = XCBuildConfiguration;
			baseConfigurationReference = 35E5EF35CEDEBD2CACFB63C9 /* Pods-fitness-app.debug.xcconfig */;
			buildSettings = {
				ASSETCATALOG_COMPILER_APPICON_NAME = AppIcon;
				CODE_SIGN_ENTITLEMENTS = "fitness-app/fitness-app.entitlements";
				DEVELOPMENT_TEAM = 74N7J3GY24;
				INFOPLIST_FILE = "fitness-app/Info.plist";
				LD_RUNPATH_SEARCH_PATHS = "$(inherited) @executable_path/Frameworks";
				PRODUCT_BUNDLE_IDENTIFIER = "graykwise.fitness-app";
				PRODUCT_NAME = "$(TARGET_NAME)";
				SWIFT_VERSION = 3.0;
			};
			name = Debug;
		};
		BC4CC5381EEF270D00F2594D /* Release */ = {
			isa = XCBuildConfiguration;
			baseConfigurationReference = BD65924C5B22BB751B29E9DD /* Pods-fitness-app.release.xcconfig */;
			buildSettings = {
				ASSETCATALOG_COMPILER_APPICON_NAME = AppIcon;
				CODE_SIGN_ENTITLEMENTS = "fitness-app/fitness-app.entitlements";
				DEVELOPMENT_TEAM = 74N7J3GY24;
				INFOPLIST_FILE = "fitness-app/Info.plist";
				LD_RUNPATH_SEARCH_PATHS = "$(inherited) @executable_path/Frameworks";
				PRODUCT_BUNDLE_IDENTIFIER = "graykwise.fitness-app";
				PRODUCT_NAME = "$(TARGET_NAME)";
				SWIFT_VERSION = 3.0;
			};
			name = Release;
		};
/* End XCBuildConfiguration section */

/* Begin XCConfigurationList section */
		BC4CC51F1EEF270D00F2594D /* Build configuration list for PBXProject "fitness-app" */ = {
			isa = XCConfigurationList;
			buildConfigurations = (
				BC4CC5341EEF270D00F2594D /* Debug */,
				BC4CC5351EEF270D00F2594D /* Release */,
			);
			defaultConfigurationIsVisible = 0;
			defaultConfigurationName = Release;
		};
		BC4CC5361EEF270D00F2594D /* Build configuration list for PBXNativeTarget "fitness-app" */ = {
			isa = XCConfigurationList;
			buildConfigurations = (
				BC4CC5371EEF270D00F2594D /* Debug */,
				BC4CC5381EEF270D00F2594D /* Release */,
			);
			defaultConfigurationIsVisible = 0;
			defaultConfigurationName = Release;
		};
/* End XCConfigurationList section */
	};
	rootObject = BC4CC51C1EEF270D00F2594D /* Project object */;
}
